
Microsoft Visual Studio Solution File, Format Version 12.00
# Visual Studio 15
VisualStudioVersion = 15.0.28307.1433
MinimumVisualStudioVersion = 10.0.40219.1
Project("{8BC9CEB8-8B4A-11D0-8D11-00A0C91BC942}") = "格式化输入输出", "格式化输入输出\格式化输入输出.vcxproj", "{BE54097D-E5FF-4BE5-930A-4E3846008FB2}"
EndProject
Global
	GlobalSection(SolutionConfigurationPlatforms) = preSolution
		Debug|x64 = Debug|x64
		Debug|x86 = Debug|x86
		Release|x64 = Release|x64
		Release|x86 = Release|x86
	EndGlobalSection
	GlobalSection(ProjectConfigurationPlatforms) = postSolution
		{BE54097D-E5FF-4BE5-930A-4E3846008FB2}.Debug|x64.ActiveCfg = Debug|x64
		{BE54097D-E5FF-4BE5-930A-4E3846008FB2}.Debug|x64.Build.0 = Debug|x64
		{BE54097D-E5FF-4BE5-930A-4E3846008FB2}.Debug|x86.ActiveCfg = Debug|Win32
		{BE54097D-E5FF-4BE5-930A-4E3846008FB2}.Debug|x86.Build.0 = Debug|Win32
		{BE54097D-E5FF-4BE5-930A-4E3846008FB2}.Release|x64.ActiveCfg = Release|x64
		{BE54097D-E5FF-4BE5-930A-4E3846008FB2}.Release|x64.Build.0 = Release|x64
		{BE54097D-E5FF-4BE5-930A-4E3846008FB2}.Release|x86.ActiveCfg = Release|Win32
		{BE54097D-E5FF-4BE5-930A-4E3846008FB2}.Release|x86.Build.0 = Release|Win32
	EndGlobalSection
	GlobalSection(SolutionProperties) = preSolution
		HideSolutionNode = FALSE
	EndGlobalSection
	GlobalSection(ExtensibilityGlobals) = postSolution
		SolutionGuid = {7595A8EE-7E5B-41EC-9418-9D511BE6E8E0}
	EndGlobalSection
EndGlobal
