
Microsoft Visual Studio Solution File, Format Version 12.00
# Visual Studio 15
VisualStudioVersion = 15.0.28307.1433
MinimumVisualStudioVersion = 10.0.40219.1
Project("{8BC9CEB8-8B4A-11D0-8D11-00A0C91BC942}") = "while语句", "while语句\while语句.vcxproj", "{BBB6B2DB-D729-44FB-A3C7-A17D1A0CBC38}"
EndProject
Global
	GlobalSection(SolutionConfigurationPlatforms) = preSolution
		Debug|x64 = Debug|x64
		Debug|x86 = Debug|x86
		Release|x64 = Release|x64
		Release|x86 = Release|x86
	EndGlobalSection
	GlobalSection(ProjectConfigurationPlatforms) = postSolution
		{BBB6B2DB-D729-44FB-A3C7-A17D1A0CBC38}.Debug|x64.ActiveCfg = Debug|x64
		{BBB6B2DB-D729-44FB-A3C7-A17D1A0CBC38}.Debug|x64.Build.0 = Debug|x64
		{BBB6B2DB-D729-44FB-A3C7-A17D1A0CBC38}.Debug|x86.ActiveCfg = Debug|Win32
		{BBB6B2DB-D729-44FB-A3C7-A17D1A0CBC38}.Debug|x86.Build.0 = Debug|Win32
		{BBB6B2DB-D729-44FB-A3C7-A17D1A0CBC38}.Release|x64.ActiveCfg = Release|x64
		{BBB6B2DB-D729-44FB-A3C7-A17D1A0CBC38}.Release|x64.Build.0 = Release|x64
		{BBB6B2DB-D729-44FB-A3C7-A17D1A0CBC38}.Release|x86.ActiveCfg = Release|Win32
		{BBB6B2DB-D729-44FB-A3C7-A17D1A0CBC38}.Release|x86.Build.0 = Release|Win32
	EndGlobalSection
	GlobalSection(SolutionProperties) = preSolution
		HideSolutionNode = FALSE
	EndGlobalSection
	GlobalSection(ExtensibilityGlobals) = postSolution
		SolutionGuid = {41A7BCD0-E394-431B-BC05-9462B75946B3}
	EndGlobalSection
EndGlobal
