
Microsoft Visual Studio Solution File, Format Version 12.00
# Visual Studio 15
VisualStudioVersion = 15.0.28307.1433
MinimumVisualStudioVersion = 10.0.40219.1
Project("{8BC9CEB8-8B4A-11D0-8D11-00A0C91BC942}") = "三只小猪称体重", "三只小猪称体重\三只小猪称体重.vcxproj", "{98736E81-F393-4126-8B83-C95FDA564AEA}"
EndProject
Global
	GlobalSection(SolutionConfigurationPlatforms) = preSolution
		Debug|x64 = Debug|x64
		Debug|x86 = Debug|x86
		Release|x64 = Release|x64
		Release|x86 = Release|x86
	EndGlobalSection
	GlobalSection(ProjectConfigurationPlatforms) = postSolution
		{98736E81-F393-4126-8B83-C95FDA564AEA}.Debug|x64.ActiveCfg = Debug|x64
		{98736E81-F393-4126-8B83-C95FDA564AEA}.Debug|x64.Build.0 = Debug|x64
		{98736E81-F393-4126-8B83-C95FDA564AEA}.Debug|x86.ActiveCfg = Debug|Win32
		{98736E81-F393-4126-8B83-C95FDA564AEA}.Debug|x86.Build.0 = Debug|Win32
		{98736E81-F393-4126-8B83-C95FDA564AEA}.Release|x64.ActiveCfg = Release|x64
		{98736E81-F393-4126-8B83-C95FDA564AEA}.Release|x64.Build.0 = Release|x64
		{98736E81-F393-4126-8B83-C95FDA564AEA}.Release|x86.ActiveCfg = Release|Win32
		{98736E81-F393-4126-8B83-C95FDA564AEA}.Release|x86.Build.0 = Release|Win32
	EndGlobalSection
	GlobalSection(SolutionProperties) = preSolution
		HideSolutionNode = FALSE
	EndGlobalSection
	GlobalSection(ExtensibilityGlobals) = postSolution
		SolutionGuid = {34AB8ECD-F084-49A2-AC18-AC46C2263FA0}
	EndGlobalSection
EndGlobal
